// !$*UTF8*$!
{
	archiveVersion = 1;
	classes = {
	};
	objectVersion = 46;
	objects = {

/* Begin PBXBuildFile section */
		833363461A3C4E5000C592C3 /* main.m in Sources */ = {isa = PBXBuildFile; fileRef = 833363451A3C4E5000C592C3 /* main.m */; };
		833363491A3C4E5000C592C3 /* AppDelegate.m in Sources */ = {isa = PBXBuildFile; fileRef = 833363481A3C4E5000C592C3 /* AppDelegate.m */; };
		8333634C1A3C4E5000C592C3 /* ViewController.m in Sources */ = {isa = PBXBuildFile; fileRef = 8333634B1A3C4E5000C592C3 /* ViewController.m */; };
		8333634F1A3C4E5000C592C3 /* Main.storyboard in Resources */ = {isa = PBXBuildFile; fileRef = 8333634D1A3C4E5000C592C3 /* Main.storyboard */; };
		833363511A3C4E5000C592C3 /* Images.xcassets in Resources */ = {isa = PBXBuildFile; fileRef = 833363501A3C4E5000C592C3 /* Images.xcassets */; };
		833363541A3C4E5000C592C3 /* LaunchScreen.xib in Resources */ = {isa = PBXBuildFile; fileRef = 833363521A3C4E5000C592C3 /* LaunchScreen.xib */; };
		833363601A3C4E5000C592C3 /* OBJC_MapTests.m in Sources */ = {isa = PBXBuildFile; fileRef = 8333635F1A3C4E5000C592C3 /* OBJC_MapTests.m */; };
/* End PBXBuildFile section */

/* Begin PBXContainerItemProxy section */
		8333635A1A3C4E5000C592C3 /* PBXContainerItemProxy */ = {
			isa = PBXContainerItemProxy;
			containerPortal = 833363381A3C4E5000C592C3 /* Project object */;
			proxyType = 1;
			remoteGlobalIDString = 8333633F1A3C4E5000C592C3;
			remoteInfo = OBJC_Map;
		};
/* End PBXContainerItemProxy section */

/* Begin PBXFileReference section */
		833363401A3C4E5000C592C3 /* OBJC_Map.app */ = {isa = PBXFileReference; explicitFileType = wrapper.application; includeInIndex = 0; path = OBJC_Map.app; sourceTree = BUILT_PRODUCTS_DIR; };
		833363441A3C4E5000C592C3 /* Info.plist */ = {isa = PBXFileReference; lastKnownFileType = text.plist.xml; path = Info.plist; sourceTree = "<group>"; };
		833363451A3C4E5000C592C3 /* main.m */ = {isa = PBXFileReference; lastKnownFileType = sourcecode.c.objc; path = main.m; sourceTree = "<group>"; };
		833363471A3C4E5000C592C3 /* AppDelegate.h */ = {isa = PBXFileReference; lastKnownFileType = sourcecode.c.h; path = AppDelegate.h; sourceTree = "<group>"; };
		833363481A3C4E5000C592C3 /* AppDelegate.m */ = {isa = PBXFileReference; lastKnownFileType = sourcecode.c.objc; path = AppDelegate.m; sourceTree = "<group>"; };
		8333634A1A3C4E5000C592C3 /* ViewController.h */ = {isa = PBXFileReference; lastKnownFileType = sourcecode.c.h; path = ViewController.h; sourceTree = "<group>"; };
		8333634B1A3C4E5000C592C3 /* ViewController.m */ = {isa = PBXFileReference; lastKnownFileType = sourcecode.c.objc; path = ViewController.m; sourceTree = "<group>"; };
		8333634E1A3C4E5000C592C3 /* Base */ = {isa = PBXFileReference; lastKnownFileType = file.storyboard; name = Base; path = Base.lproj/Main.storyboard; sourceTree = "<group>"; };
		833363501A3C4E5000C592C3 /* Images.xcassets */ = {isa = PBXFileReference; lastKnownFileType = folder.assetcatalog; path = Images.xcassets; sourceTree = "<group>"; };
		833363531A3C4E5000C592C3 /* Base */ = {isa = PBXFileReference; lastKnownFileType = file.xib; name = Base; path = Base.lproj/LaunchScreen.xib; sourceTree = "<group>"; };
		833363591A3C4E5000C592C3 /* OBJC_MapTests.xctest */ = {isa = PBXFileReference; explicitFileType = wrapper.cfbundle; includeInIndex = 0; path = OBJC_MapTests.xctest; sourceTree = BUILT_PRODUCTS_DIR; };
		8333635E1A3C4E5000C592C3 /* Info.plist */ = {isa = PBXFileReference; lastKnownFileType = text.plist.xml; path = Info.plist; sourceTree = "<group>"; };
		8333635F1A3C4E5000C592C3 /* OBJC_MapTests.m */ = {isa = PBXFileReference; lastKnownFileType = sourcecode.c.objc; path = OBJC_MapTests.m; sourceTree = "<group>"; };
/* End PBXFileReference section */

/* Begin PBXFrameworksBuildPhase section */
		8333633D1A3C4E5000C592C3 /* Frameworks */ = {
			isa = PBXFrameworksBuildPhase;
			buildActionMask = 2147483647;
			files = (
			);
			runOnlyForDeploymentPostprocessing = 0;
		};
		833363561A3C4E5000C592C3 /* Frameworks */ = {
			isa = PBXFrameworksBuildPhase;
			buildActionMask = 2147483647;
			files = (
			);
			runOnlyForDeploymentPostprocessing = 0;
		};
/* End PBXFrameworksBuildPhase section */

/* Begin PBXGroup section */
		833363371A3C4E5000C592C3 = {
			isa = PBXGroup;
			children = (
				833363421A3C4E5000C592C3 /* OBJC_Map */,
				8333635C1A3C4E5000C592C3 /* OBJC_MapTests */,
				833363411A3C4E5000C592C3 /* Products */,
			);
			sourceTree = "<group>";
		};
		833363411A3C4E5000C592C3 /* Products */ = {
			isa = PBXGroup;
			children = (
				833363401A3C4E5000C592C3 /* OBJC_Map.app */,
				833363591A3C4E5000C592C3 /* OBJC_MapTests.xctest */,
			);
			name = Products;
			sourceTree = "<group>";
		};
		833363421A3C4E5000C592C3 /* OBJC_Map */ = {
			isa = PBXGroup;
			children = (
				833363471A3C4E5000C592C3 /* AppDelegate.h */,
				833363481A3C4E5000C592C3 /* AppDelegate.m */,
				8333634A1A3C4E5000C592C3 /* ViewController.h */,
				8333634B1A3C4E5000C592C3 /* ViewController.m */,
				8333634D1A3C4E5000C592C3 /* Main.storyboard */,
				833363501A3C4E5000C592C3 /* Images.xcassets */,
				833363521A3C4E5000C592C3 /* LaunchScreen.xib */,
				833363431A3C4E5000C592C3 /* Supporting Files */,
			);
			path = OBJC_Map;
			sourceTree = "<group>";
		};
		833363431A3C4E5000C592C3 /* Supporting Files */ = {
			isa = PBXGroup;
			children = (
				833363441A3C4E5000C592C3 /* Info.plist */,
				833363451A3C4E5000C592C3 /* main.m */,
			);
			name = "Supporting Files";
			sourceTree = "<group>";
		};
		8333635C1A3C4E5000C592C3 /* OBJC_MapTests */ = {
			isa = PBXGroup;
			children = (
				8333635F1A3C4E5000C592C3 /* OBJC_MapTests.m */,
				8333635D1A3C4E5000C592C3 /* Supporting Files */,
			);
			path = OBJC_MapTests;
			sourceTree = "<group>";
		};
		8333635D1A3C4E5000C592C3 /* Supporting Files */ = {
			isa = PBXGroup;
			children = (
				8333635E1A3C4E5000C592C3 /* Info.plist */,
			);
			name = "Supporting Files";
			sourceTree = "<group>";
		};
/* End PBXGroup section */

/* Begin PBXNativeTarget section */
		8333633F1A3C4E5000C592C3 /* OBJC_Map */ = {
			isa = PBXNativeTarget;
			buildConfigurationList = 833363631A3C4E5000C592C3 /* Build configuration list for PBXNativeTarget "OBJC_Map" */;
			buildPhases = (
				8333633C1A3C4E5000C592C3 /* Sources */,
				8333633D1A3C4E5000C592C3 /* Frameworks */,
				8333633E1A3C4E5000C592C3 /* Resources */,
			);
			buildRules = (
			);
			dependencies = (
			);
			name = OBJC_Map;
			productName = OBJC_Map;
			productReference = 833363401A3C4E5000C592C3 /* OBJC_Map.app */;
			productType = "com.apple.product-type.application";
		};
		833363581A3C4E5000C592C3 /* OBJC_MapTests */ = {
			isa = PBXNativeTarget;
			buildConfigurationList = 833363661A3C4E5000C592C3 /* Build configuration list for PBXNativeTarget "OBJC_MapTests" */;
			buildPhases = (
				833363551A3C4E5000C592C3 /* Sources */,
				833363561A3C4E5000C592C3 /* Frameworks */,
				833363571A3C4E5000C592C3 /* Resources */,
			);
			buildRules = (
			);
			dependencies = (
				8333635B1A3C4E5000C592C3 /* PBXTargetDependency */,
			);
			name = OBJC_MapTests;
			productName = OBJC_MapTests;
			productReference = 833363591A3C4E5000C592C3 /* OBJC_MapTests.xctest */;
			productType = "com.apple.product-type.bundle.unit-test";
		};
/* End PBXNativeTarget section */

/* Begin PBXProject section */
		833363381A3C4E5000C592C3 /* Project object */ = {
			isa = PBXProject;
			attributes = {
				LastUpgradeCheck = 0610;
				ORGANIZATIONNAME = winklerstudio;
				TargetAttributes = {
					8333633F1A3C4E5000C592C3 = {
						CreatedOnToolsVersion = 6.1.1;
					};
					833363581A3C4E5000C592C3 = {
						CreatedOnToolsVersion = 6.1.1;
						TestTargetID = 8333633F1A3C4E5000C592C3;
					};
				};
			};
			buildConfigurationList = 8333633B1A3C4E5000C592C3 /* Build configuration list for PBXProject "OBJC_Map" */;
			compatibilityVersion = "Xcode 3.2";
			developmentRegion = English;
			hasScannedForEncodings = 0;
			knownRegions = (
				en,
				Base,
			);
			mainGroup = 833363371A3C4E5000C592C3;
			productRefGroup = 833363411A3C4E5000C592C3 /* Products */;
			projectDirPath = "";
			projectRoot = "";
			targets = (
				8333633F1A3C4E5000C592C3 /* OBJC_Map */,
				833363581A3C4E5000C592C3 /* OBJC_MapTests */,
			);
		};
/* End PBXProject section */

/* Begin PBXResourcesBuildPhase section */
		8333633E1A3C4E5000C592C3 /* Resources */ = {
			isa = PBXResourcesBuildPhase;
			buildActionMask = 2147483647;
			files = (
				8333634F1A3C4E5000C592C3 /* Main.storyboard in Resources */,
				833363541A3C4E5000C592C3 /* LaunchScreen.xib in Resources */,
				833363511A3C4E5000C592C3 /* Images.xcassets in Resources */,
			);
			runOnlyForDeploymentPostprocessing = 0;
		};
		833363571A3C4E5000C592C3 /* Resources */ = {
			isa = PBXResourcesBuildPhase;
			buildActionMask = 2147483647;
			files = (
			);
			runOnlyForDeploymentPostprocessing = 0;
		};
/* End PBXResourcesBuildPhase section */

/* Begin PBXSourcesBuildPhase section */
		8333633C1A3C4E5000C592C3 /* Sources */ = {
			isa = PBXSourcesBuildPhase;
			buildActionMask = 2147483647;
			files = (
				8333634C1A3C4E5000C592C3 /* ViewController.m in Sources */,
				833363491A3C4E5000C592C3 /* AppDelegate.m in Sources */,
				833363461A3C4E5000C592C3 /* main.m in Sources */,
			);
			runOnlyForDeploymentPostprocessing = 0;
		};
		833363551A3C4E5000C592C3 /* Sources */ = {
			isa = PBXSourcesBuildPhase;
			buildActionMask = 2147483647;
			files = (
				833363601A3C4E5000C592C3 /* OBJC_MapTests.m in Sources */,
			);
			runOnlyForDeploymentPostprocessing = 0;
		};
/* End PBXSourcesBuildPhase section */

/* Begin PBXTargetDependency section */
		8333635B1A3C4E5000C592C3 /* PBXTargetDependency */ = {
			isa = PBXTargetDependency;
			target = 8333633F1A3C4E5000C592C3 /* OBJC_Map */;
			targetProxy = 8333635A1A3C4E5000C592C3 /* PBXContainerItemProxy */;
		};
/* End PBXTargetDependency section */

/* Begin PBXVariantGroup section */
		8333634D1A3C4E5000C592C3 /* Main.storyboard */ = {
			isa = PBXVariantGroup;
			children = (
				8333634E1A3C4E5000C592C3 /* Base */,
			);
			name = Main.storyboard;
			sourceTree = "<group>";
		};
		833363521A3C4E5000C592C3 /* LaunchScreen.xib */ = {
			isa = PBXVariantGroup;
			children = (
				833363531A3C4E5000C592C3 /* Base */,
			);
			name = LaunchScreen.xib;
			sourceTree = "<group>";
		};
/* End PBXVariantGroup section */

/* Begin XCBuildConfiguration section */
		833363611A3C4E5000C592C3 /* Debug */ = {
			isa = XCBuildConfiguration;
			buildSettings = {
				ALWAYS_SEARCH_USER_PATHS = NO;
				CLANG_CXX_LANGUAGE_STANDARD = "gnu++0x";
				CLANG_CXX_LIBRARY = "libc++";
				CLANG_ENABLE_MODULES = YES;
				CLANG_ENABLE_OBJC_ARC = YES;
				CLANG_WARN_BOOL_CONVERSION = YES;
				CLANG_WARN_CONSTANT_CONVERSION = YES;
				CLANG_WARN_DIRECT_OBJC_ISA_USAGE = YES_ERROR;
				CLANG_WARN_EMPTY_BODY = YES;
				CLANG_WARN_ENUM_CONVERSION = YES;
				CLANG_WARN_INT_CONVERSION = YES;
				CLANG_WARN_OBJC_ROOT_CLASS = YES_ERROR;
				CLANG_WARN_UNREACHABLE_CODE = YES;
				CLANG_WARN__DUPLICATE_METHOD_MATCH = YES;
				"CODE_SIGN_IDENTITY[sdk=iphoneos*]" = "iPhone Developer";
				COPY_PHASE_STRIP = NO;
				ENABLE_STRICT_OBJC_MSGSEND = YES;
				GCC_C_LANGUAGE_STANDARD = gnu99;
				GCC_DYNAMIC_NO_PIC = NO;
				GCC_OPTIMIZATION_LEVEL = 0;
				GCC_PREPROCESSOR_DEFINITIONS = (
					"DEBUG=1",
					"$(inherited)",
				);
				GCC_SYMBOLS_PRIVATE_EXTERN = NO;
				GCC_WARN_64_TO_32_BIT_CONVERSION = YES;
				GCC_WARN_ABOUT_RETURN_TYPE = YES_ERROR;
				GCC_WARN_UNDECLARED_SELECTOR = YES;
				GCC_WARN_UNINITIALIZED_AUTOS = YES_AGGRESSIVE;
				GCC_WARN_UNUSED_FUNCTION = YES;
				GCC_WARN_UNUSED_VARIABLE = YES;
				IPHONEOS_DEPLOYMENT_TARGET = 8.1;
				MTL_ENABLE_DEBUG_INFO = YES;
				ONLY_ACTIVE_ARCH = YES;
				SDKROOT = iphoneos;
				TARGETED_DEVICE_FAMILY = "1,2";
			};
			name = Debug;
		};
		833363621A3C4E5000C592C3 /* Release */ = {
			isa = XCBuildConfiguration;
			buildSettings = {
				ALWAYS_SEARCH_USER_PATHS = NO;
				CLANG_CXX_LANGUAGE_STANDARD = "gnu++0x";
				CLANG_CXX_LIBRARY = "libc++";
				CLANG_ENABLE_MODULES = YES;
				CLANG_ENABLE_OBJC_ARC = YES;
				CLANG_WARN_BOOL_CONVERSION = YES;
				CLANG_WARN_CONSTANT_CONVERSION = YES;
				CLANG_WARN_DIRECT_OBJC_ISA_USAGE = YES_ERROR;
				CLANG_WARN_EMPTY_BODY = YES;
				CLANG_WARN_ENUM_CONVERSION = YES;
				CLANG_WARN_INT_CONVERSION = YES;
				CLANG_WARN_OBJC_ROOT_CLASS = YES_ERROR;
				CLANG_WARN_UNREACHABLE_CODE = YES;
				CLANG_WARN__DUPLICATE_METHOD_MATCH = YES;
				"CODE_SIGN_IDENTITY[sdk=iphoneos*]" = "iPhone Developer";
				COPY_PHASE_STRIP = YES;
				ENABLE_NS_ASSERTIONS = NO;
				ENABLE_STRICT_OBJC_MSGSEND = YES;
				GCC_C_LANGUAGE_STANDARD = gnu99;
				GCC_WARN_64_TO_32_BIT_CONVERSION = YES;
				GCC_WARN_ABOUT_RETURN_TYPE = YES_ERROR;
				GCC_WARN_UNDECLARED_SELECTOR = YES;
				GCC_WARN_UNINITIALIZED_AUTOS = YES_AGGRESSIVE;
				GCC_WARN_UNUSED_FUNCTION = YES;
				GCC_WARN_UNUSED_VARIABLE = YES;
				IPHONEOS_DEPLOYMENT_TARGET = 8.1;
				MTL_ENABLE_DEBUG_INFO = NO;
				SDKROOT = iphoneos;
				TARGETED_DEVICE_FAMILY = "1,2";
				VALIDATE_PRODUCT = YES;
			};
			name = Release;
		};
		833363641A3C4E5000C592C3 /* Debug */ = {
			isa = XCBuildConfiguration;
			buildSettings = {
				ASSETCATALOG_COMPILER_APPICON_NAME = AppIcon;
				INFOPLIST_FILE = OBJC_Map/Info.plist;
				LD_RUNPATH_SEARCH_PATHS = "$(inherited) @executable_path/Frameworks";
				PRODUCT_NAME = "$(TARGET_NAME)";
			};
			name = Debug;
		};
		833363651A3C4E5000C592C3 /* Release */ = {
			isa = XCBuildConfiguration;
			buildSettings = {
				ASSETCATALOG_COMPILER_APPICON_NAME = AppIcon;
				INFOPLIST_FILE = OBJC_Map/Info.plist;
				LD_RUNPATH_SEARCH_PATHS = "$(inherited) @executable_path/Frameworks";
				PRODUCT_NAME = "$(TARGET_NAME)";
			};
			name = Release;
		};
		833363671A3C4E5000C592C3 /* Debug */ = {
			isa = XCBuildConfiguration;
			buildSettings = {
				BUNDLE_LOADER = "$(TEST_HOST)";
				FRAMEWORK_SEARCH_PATHS = (
					"$(SDKROOT)/Developer/Library/Frameworks",
					"$(inherited)",
				);
				GCC_PREPROCESSOR_DEFINITIONS = (
					"DEBUG=1",
					"$(inherited)",
				);
				INFOPLIST_FILE = OBJC_MapTests/Info.plist;
				LD_RUNPATH_SEARCH_PATHS = "$(inherited) @executable_path/Frameworks @loader_path/Frameworks";
				PRODUCT_NAME = "$(TARGET_NAME)";
				TEST_HOST = "$(BUILT_PRODUCTS_DIR)/OBJC_Map.app/OBJC_Map";
			};
			name = Debug;
		};
		833363681A3C4E5000C592C3 /* Release */ = {
			isa = XCBuildConfiguration;
			buildSettings = {
				BUNDLE_LOADER = "$(TEST_HOST)";
				FRAMEWORK_SEARCH_PATHS = (
					"$(SDKROOT)/Developer/Library/Frameworks",
					"$(inherited)",
				);
				INFOPLIST_FILE = OBJC_MapTests/Info.plist;
				LD_RUNPATH_SEARCH_PATHS = "$(inherited) @executable_path/Frameworks @loader_path/Frameworks";
				PRODUCT_NAME = "$(TARGET_NAME)";
				TEST_HOST = "$(BUILT_PRODUCTS_DIR)/OBJC_Map.app/OBJC_Map";
			};
			name = Release;
		};
/* End XCBuildConfiguration section */

/* Begin XCConfigurationList section */
		8333633B1A3C4E5000C592C3 /* Build configuration list for PBXProject "OBJC_Map" */ = {
			isa = XCConfigurationList;
			buildConfigurations = (
				833363611A3C4E5000C592C3 /* Debug */,
				833363621A3C4E5000C592C3 /* Release */,
			);
			defaultConfigurationIsVisible = 0;
			defaultConfigurationName = Release;
		};
		833363631A3C4E5000C592C3 /* Build configuration list for PBXNativeTarget "OBJC_Map" */ = {
			isa = XCConfigurationList;
			buildConfigurations = (
				833363641A3C4E5000C592C3 /* Debug */,
				833363651A3C4E5000C592C3 /* Release */,
			);
			defaultConfigurationIsVisible = 0;
		};
		833363661A3C4E5000C592C3 /* Build configuration list for PBXNativeTarget "OBJC_MapTests" */ = {
			isa = XCConfigurationList;
			buildConfigurations = (
				833363671A3C4E5000C592C3 /* Debug */,
				833363681A3C4E5000C592C3 /* Release */,
			);
			defaultConfigurationIsVisible = 0;
		};
/* End XCConfigurationList section */
	};
	rootObject = 833363381A3C4E5000C592C3 /* Project object */;
}
